
Microsoft Visual Studio Solution File, Format Version 12.00
# Visual Studio Version 17
VisualStudioVersion = 17.4.33122.133
MinimumVisualStudioVersion = 10.0.40219.1
Project("{FAE04EC0-301F-11D3-BF4B-00C04F79EFBC}") = "firstConsoleApp", "firstConsoleApp\firstConsoleApp.csproj", "{B767530B-E479-445B-BE66-C9289881B022}"
EndProject
Global
	GlobalSection(SolutionConfigurationPlatforms) = preSolution
		Debug|Any CPU = Debug|Any CPU
		Release|Any CPU = Release|Any CPU
	EndGlobalSection
	GlobalSection(ProjectConfigurationPlatforms) = postSolution
		{B767530B-E479-445B-BE66-C9289881B022}.Debug|Any CPU.ActiveCfg = Debug|Any CPU
		{B767530B-E479-445B-BE66-C9289881B022}.Debug|Any CPU.Build.0 = Debug|Any CPU
		{B767530B-E479-445B-BE66-C9289881B022}.Release|Any CPU.ActiveCfg = Release|Any CPU
		{B767530B-E479-445B-BE66-C9289881B022}.Release|Any CPU.Build.0 = Release|Any CPU
	EndGlobalSection
	GlobalSection(SolutionProperties) = preSolution
		HideSolutionNode = FALSE
	EndGlobalSection
	GlobalSection(ExtensibilityGlobals) = postSolution
		SolutionGuid = {58B54979-305B-4E14-85AE-2420968AC0ED}
	EndGlobalSection
EndGlobal
